
Microsoft Visual Studio Solution File, Format Version 12.00
# Visual Studio 15
VisualStudioVersion = 15.0.27130.2003
MinimumVisualStudioVersion = 10.0.40219.1
Project("{FAE04EC0-301F-11D3-BF4B-00C04F79EFBC}") = "AplicacioFarmacies", "AplicacioFarmacies\AplicacioFarmacies.csproj", "{57DA6789-C6C2-45D4-B630-CB6E436C8E0F}"
EndProject
Global
	GlobalSection(SolutionConfigurationPlatforms) = preSolution
		Debug|Any CPU = Debug|Any CPU
		Release|Any CPU = Release|Any CPU
	EndGlobalSection
	GlobalSection(ProjectConfigurationPlatforms) = postSolution
		{57DA6789-C6C2-45D4-B630-CB6E436C8E0F}.Debug|Any CPU.ActiveCfg = Debug|Any CPU
		{57DA6789-C6C2-45D4-B630-CB6E436C8E0F}.Debug|Any CPU.Build.0 = Debug|Any CPU
		{57DA6789-C6C2-45D4-B630-CB6E436C8E0F}.Release|Any CPU.ActiveCfg = Release|Any CPU
		{57DA6789-C6C2-45D4-B630-CB6E436C8E0F}.Release|Any CPU.Build.0 = Release|Any CPU
	EndGlobalSection
	GlobalSection(SolutionProperties) = preSolution
		HideSolutionNode = FALSE
	EndGlobalSection
	GlobalSection(ExtensibilityGlobals) = postSolution
		SolutionGuid = {24340935-9057-4532-9E68-A846C2E04A67}
	EndGlobalSection
EndGlobal
